// !$*UTF8*$!
{
	archiveVersion = 1;
	classes = {
	};
	objectVersion = 48;
	objects = {

/* Begin PBXBuildFile section */
		0DD96B4485BB789A421668B2 /* Pods_SwiftTypeEraseSample.framework in Frameworks */ = {isa = PBXBuildFile; fileRef = BEEA04EE614BC9D99C2C7C22 /* Pods_SwiftTypeEraseSample.framework */; };
		AD2690521FBB2298004FFB5C /* AppDelegate.swift in Sources */ = {isa = PBXBuildFile; fileRef = AD2690511FBB2298004FFB5C /* AppDelegate.swift */; };
		AD2690541FBB2298004FFB5C /* ViewController.swift in Sources */ = {isa = PBXBuildFile; fileRef = AD2690531FBB2298004FFB5C /* ViewController.swift */; };
		AD2690571FBB2298004FFB5C /* Main.storyboard in Resources */ = {isa = PBXBuildFile; fileRef = AD2690551FBB2298004FFB5C /* Main.storyboard */; };
		AD2690591FBB2298004FFB5C /* Assets.xcassets in Resources */ = {isa = PBXBuildFile; fileRef = AD2690581FBB2298004FFB5C /* Assets.xcassets */; };
		AD26905C1FBB2298004FFB5C /* LaunchScreen.storyboard in Resources */ = {isa = PBXBuildFile; fileRef = AD26905A1FBB2298004FFB5C /* LaunchScreen.storyboard */; };
		AD699DFD1FBB245E00EF0C32 /* QiitaRequestType.swift in Sources */ = {isa = PBXBuildFile; fileRef = AD699DFC1FBB245E00EF0C32 /* QiitaRequestType.swift */; };
		AD699E001FBB258200EF0C32 /* QiitaAPI.swift in Sources */ = {isa = PBXBuildFile; fileRef = AD699DFF1FBB258200EF0C32 /* QiitaAPI.swift */; };
		AD699E021FBB25F900EF0C32 /* ItemEntity.swift in Sources */ = {isa = PBXBuildFile; fileRef = AD699E011FBB25F900EF0C32 /* ItemEntity.swift */; };
		AD699E041FBB28A900EF0C32 /* ItemListTableViewController.swift in Sources */ = {isa = PBXBuildFile; fileRef = AD699E031FBB28A900EF0C32 /* ItemListTableViewController.swift */; };
		AD699E061FBB290A00EF0C32 /* TypeEraseQiitaRequest.swift in Sources */ = {isa = PBXBuildFile; fileRef = AD699E051FBB290A00EF0C32 /* TypeEraseQiitaRequest.swift */; };
/* End PBXBuildFile section */

/* Begin PBXFileReference section */
		08A86AD2D4E213DB9815FD48 /* Pods-SwiftTypeEraseSample.debug.xcconfig */ = {isa = PBXFileReference; includeInIndex = 1; lastKnownFileType = text.xcconfig; name = "Pods-SwiftTypeEraseSample.debug.xcconfig"; path = "Pods/Target Support Files/Pods-SwiftTypeEraseSample/Pods-SwiftTypeEraseSample.debug.xcconfig"; sourceTree = "<group>"; };
		AD26904E1FBB2298004FFB5C /* SwiftTypeEraseSample.app */ = {isa = PBXFileReference; explicitFileType = wrapper.application; includeInIndex = 0; path = SwiftTypeEraseSample.app; sourceTree = BUILT_PRODUCTS_DIR; };
		AD2690511FBB2298004FFB5C /* AppDelegate.swift */ = {isa = PBXFileReference; lastKnownFileType = sourcecode.swift; path = AppDelegate.swift; sourceTree = "<group>"; };
		AD2690531FBB2298004FFB5C /* ViewController.swift */ = {isa = PBXFileReference; lastKnownFileType = sourcecode.swift; path = ViewController.swift; sourceTree = "<group>"; };
		AD2690561FBB2298004FFB5C /* Base */ = {isa = PBXFileReference; lastKnownFileType = file.storyboard; name = Base; path = Base.lproj/Main.storyboard; sourceTree = "<group>"; };
		AD2690581FBB2298004FFB5C /* Assets.xcassets */ = {isa = PBXFileReference; lastKnownFileType = folder.assetcatalog; path = Assets.xcassets; sourceTree = "<group>"; };
		AD26905B1FBB2298004FFB5C /* Base */ = {isa = PBXFileReference; lastKnownFileType = file.storyboard; name = Base; path = Base.lproj/LaunchScreen.storyboard; sourceTree = "<group>"; };
		AD26905D1FBB2298004FFB5C /* Info.plist */ = {isa = PBXFileReference; lastKnownFileType = text.plist.xml; path = Info.plist; sourceTree = "<group>"; };
		AD699DFC1FBB245E00EF0C32 /* QiitaRequestType.swift */ = {isa = PBXFileReference; lastKnownFileType = sourcecode.swift; path = QiitaRequestType.swift; sourceTree = "<group>"; };
		AD699DFF1FBB258200EF0C32 /* QiitaAPI.swift */ = {isa = PBXFileReference; lastKnownFileType = sourcecode.swift; path = QiitaAPI.swift; sourceTree = "<group>"; };
		AD699E011FBB25F900EF0C32 /* ItemEntity.swift */ = {isa = PBXFileReference; lastKnownFileType = sourcecode.swift; path = ItemEntity.swift; sourceTree = "<group>"; };
		AD699E031FBB28A900EF0C32 /* ItemListTableViewController.swift */ = {isa = PBXFileReference; lastKnownFileType = sourcecode.swift; path = ItemListTableViewController.swift; sourceTree = "<group>"; };
		AD699E051FBB290A00EF0C32 /* TypeEraseQiitaRequest.swift */ = {isa = PBXFileReference; lastKnownFileType = sourcecode.swift; path = TypeEraseQiitaRequest.swift; sourceTree = "<group>"; };
		BEEA04EE614BC9D99C2C7C22 /* Pods_SwiftTypeEraseSample.framework */ = {isa = PBXFileReference; explicitFileType = wrapper.framework; includeInIndex = 0; path = Pods_SwiftTypeEraseSample.framework; sourceTree = BUILT_PRODUCTS_DIR; };
		EFB35C8047F790C288BE63F2 /* Pods-SwiftTypeEraseSample.release.xcconfig */ = {isa = PBXFileReference; includeInIndex = 1; lastKnownFileType = text.xcconfig; name = "Pods-SwiftTypeEraseSample.release.xcconfig"; path = "Pods/Target Support Files/Pods-SwiftTypeEraseSample/Pods-SwiftTypeEraseSample.release.xcconfig"; sourceTree = "<group>"; };
/* End PBXFileReference section */

/* Begin PBXFrameworksBuildPhase section */
		AD26904B1FBB2298004FFB5C /* Frameworks */ = {
			isa = PBXFrameworksBuildPhase;
			buildActionMask = 2147483647;
			files = (
				0DD96B4485BB789A421668B2 /* Pods_SwiftTypeEraseSample.framework in Frameworks */,
			);
			runOnlyForDeploymentPostprocessing = 0;
		};
/* End PBXFrameworksBuildPhase section */

/* Begin PBXGroup section */
		54DE0DE86413F4F2FBEF8250 /* Frameworks */ = {
			isa = PBXGroup;
			children = (
				BEEA04EE614BC9D99C2C7C22 /* Pods_SwiftTypeEraseSample.framework */,
			);
			name = Frameworks;
			sourceTree = "<group>";
		};
		AD2690451FBB2298004FFB5C = {
			isa = PBXGroup;
			children = (
				AD2690501FBB2298004FFB5C /* SwiftTypeEraseSample */,
				AD26904F1FBB2298004FFB5C /* Products */,
				F276D8FEF509457EC71CA3DA /* Pods */,
				54DE0DE86413F4F2FBEF8250 /* Frameworks */,
			);
			sourceTree = "<group>";
		};
		AD26904F1FBB2298004FFB5C /* Products */ = {
			isa = PBXGroup;
			children = (
				AD26904E1FBB2298004FFB5C /* SwiftTypeEraseSample.app */,
			);
			name = Products;
			sourceTree = "<group>";
		};
		AD2690501FBB2298004FFB5C /* SwiftTypeEraseSample */ = {
			isa = PBXGroup;
			children = (
				AD699DFB1FBB244C00EF0C32 /* Model */,
				AD2690511FBB2298004FFB5C /* AppDelegate.swift */,
				AD2690531FBB2298004FFB5C /* ViewController.swift */,
				AD699E031FBB28A900EF0C32 /* ItemListTableViewController.swift */,
				AD2690551FBB2298004FFB5C /* Main.storyboard */,
				AD2690581FBB2298004FFB5C /* Assets.xcassets */,
				AD26905A1FBB2298004FFB5C /* LaunchScreen.storyboard */,
				AD26905D1FBB2298004FFB5C /* Info.plist */,
			);
			path = SwiftTypeEraseSample;
			sourceTree = "<group>";
		};
		AD699DFB1FBB244C00EF0C32 /* Model */ = {
			isa = PBXGroup;
			children = (
				AD699DFE1FBB256700EF0C32 /* Request */,
				AD699E011FBB25F900EF0C32 /* ItemEntity.swift */,
			);
			path = Model;
			sourceTree = "<group>";
		};
		AD699DFE1FBB256700EF0C32 /* Request */ = {
			isa = PBXGroup;
			children = (
				AD699DFC1FBB245E00EF0C32 /* QiitaRequestType.swift */,
				AD699DFF1FBB258200EF0C32 /* QiitaAPI.swift */,
				AD699E051FBB290A00EF0C32 /* TypeEraseQiitaRequest.swift */,
			);
			path = Request;
			sourceTree = "<group>";
		};
		F276D8FEF509457EC71CA3DA /* Pods */ = {
			isa = PBXGroup;
			children = (
				08A86AD2D4E213DB9815FD48 /* Pods-SwiftTypeEraseSample.debug.xcconfig */,
				EFB35C8047F790C288BE63F2 /* Pods-SwiftTypeEraseSample.release.xcconfig */,
			);
			name = Pods;
			sourceTree = "<group>";
		};
/* End PBXGroup section */

/* Begin PBXNativeTarget section */
		AD26904D1FBB2298004FFB5C /* SwiftTypeEraseSample */ = {
			isa = PBXNativeTarget;
			buildConfigurationList = AD2690601FBB2298004FFB5C /* Build configuration list for PBXNativeTarget "SwiftTypeEraseSample" */;
			buildPhases = (
				1167F898F1633B4740A58EC4 /* [CP] Check Pods Manifest.lock */,
				AD26904A1FBB2298004FFB5C /* Sources */,
				AD26904B1FBB2298004FFB5C /* Frameworks */,
				AD26904C1FBB2298004FFB5C /* Resources */,
				1D8CDA3D581C9B3F2A2F9F7E /* [CP] Embed Pods Frameworks */,
				B84864851504F64B63D84D99 /* [CP] Copy Pods Resources */,
			);
			buildRules = (
			);
			dependencies = (
			);
			name = SwiftTypeEraseSample;
			productName = SwiftTypeEraseSample;
			productReference = AD26904E1FBB2298004FFB5C /* SwiftTypeEraseSample.app */;
			productType = "com.apple.product-type.application";
		};
/* End PBXNativeTarget section */

/* Begin PBXProject section */
		AD2690461FBB2298004FFB5C /* Project object */ = {
			isa = PBXProject;
			attributes = {
				LastSwiftUpdateCheck = 0910;
				LastUpgradeCheck = 0910;
				ORGANIZATIONNAME = hachinobu;
				TargetAttributes = {
					AD26904D1FBB2298004FFB5C = {
						CreatedOnToolsVersion = 9.1;
						ProvisioningStyle = Automatic;
					};
				};
			};
			buildConfigurationList = AD2690491FBB2298004FFB5C /* Build configuration list for PBXProject "SwiftTypeEraseSample" */;
			compatibilityVersion = "Xcode 8.0";
			developmentRegion = en;
			hasScannedForEncodings = 0;
			knownRegions = (
				en,
				Base,
			);
			mainGroup = AD2690451FBB2298004FFB5C;
			productRefGroup = AD26904F1FBB2298004FFB5C /* Products */;
			projectDirPath = "";
			projectRoot = "";
			targets = (
				AD26904D1FBB2298004FFB5C /* SwiftTypeEraseSample */,
			);
		};
/* End PBXProject section */

/* Begin PBXResourcesBuildPhase section */
		AD26904C1FBB2298004FFB5C /* Resources */ = {
			isa = PBXResourcesBuildPhase;
			buildActionMask = 2147483647;
			files = (
				AD26905C1FBB2298004FFB5C /* LaunchScreen.storyboard in Resources */,
				AD2690591FBB2298004FFB5C /* Assets.xcassets in Resources */,
				AD2690571FBB2298004FFB5C /* Main.storyboard in Resources */,
			);
			runOnlyForDeploymentPostprocessing = 0;
		};
/* End PBXResourcesBuildPhase section */

/* Begin PBXShellScriptBuildPhase section */
		1167F898F1633B4740A58EC4 /* [CP] Check Pods Manifest.lock */ = {
			isa = PBXShellScriptBuildPhase;
			buildActionMask = 2147483647;
			files = (
			);
			inputPaths = (
				"${PODS_PODFILE_DIR_PATH}/Podfile.lock",
				"${PODS_ROOT}/Manifest.lock",
			);
			name = "[CP] Check Pods Manifest.lock";
			outputPaths = (
				"$(DERIVED_FILE_DIR)/Pods-SwiftTypeEraseSample-checkManifestLockResult.txt",
			);
			runOnlyForDeploymentPostprocessing = 0;
			shellPath = /bin/sh;
			shellScript = "diff \"${PODS_PODFILE_DIR_PATH}/Podfile.lock\" \"${PODS_ROOT}/Manifest.lock\" > /dev/null\nif [ $? != 0 ] ; then\n    # print error to STDERR\n    echo \"error: The sandbox is not in sync with the Podfile.lock. Run 'pod install' or update your CocoaPods installation.\" >&2\n    exit 1\nfi\n# This output is used by Xcode 'outputs' to avoid re-running this script phase.\necho \"SUCCESS\" > \"${SCRIPT_OUTPUT_FILE_0}\"\n";
			showEnvVarsInLog = 0;
		};
		1D8CDA3D581C9B3F2A2F9F7E /* [CP] Embed Pods Frameworks */ = {
			isa = PBXShellScriptBuildPhase;
			buildActionMask = 2147483647;
			files = (
			);
			inputPaths = (
				"${SRCROOT}/Pods/Target Support Files/Pods-SwiftTypeEraseSample/Pods-SwiftTypeEraseSample-frameworks.sh",
				"${BUILT_PRODUCTS_DIR}/APIKit/APIKit.framework",
				"${BUILT_PRODUCTS_DIR}/Result/Result.framework",
			);
			name = "[CP] Embed Pods Frameworks";
			outputPaths = (
				"${TARGET_BUILD_DIR}/${FRAMEWORKS_FOLDER_PATH}/APIKit.framework",
				"${TARGET_BUILD_DIR}/${FRAMEWORKS_FOLDER_PATH}/Result.framework",
			);
			runOnlyForDeploymentPostprocessing = 0;
			shellPath = /bin/sh;
			shellScript = "\"${SRCROOT}/Pods/Target Support Files/Pods-SwiftTypeEraseSample/Pods-SwiftTypeEraseSample-frameworks.sh\"\n";
			showEnvVarsInLog = 0;
		};
		B84864851504F64B63D84D99 /* [CP] Copy Pods Resources */ = {
			isa = PBXShellScriptBuildPhase;
			buildActionMask = 2147483647;
			files = (
			);
			inputPaths = (
			);
			name = "[CP] Copy Pods Resources";
			outputPaths = (
			);
			runOnlyForDeploymentPostprocessing = 0;
			shellPath = /bin/sh;
			shellScript = "\"${SRCROOT}/Pods/Target Support Files/Pods-SwiftTypeEraseSample/Pods-SwiftTypeEraseSample-resources.sh\"\n";
			showEnvVarsInLog = 0;
		};
/* End PBXShellScriptBuildPhase section */

/* Begin PBXSourcesBuildPhase section */
		AD26904A1FBB2298004FFB5C /* Sources */ = {
			isa = PBXSourcesBuildPhase;
			buildActionMask = 2147483647;
			files = (
				AD2690541FBB2298004FFB5C /* ViewController.swift in Sources */,
				AD699DFD1FBB245E00EF0C32 /* QiitaRequestType.swift in Sources */,
				AD699E041FBB28A900EF0C32 /* ItemListTableViewController.swift in Sources */,
				AD699E021FBB25F900EF0C32 /* ItemEntity.swift in Sources */,
				AD699E061FBB290A00EF0C32 /* TypeEraseQiitaRequest.swift in Sources */,
				AD2690521FBB2298004FFB5C /* AppDelegate.swift in Sources */,
				AD699E001FBB258200EF0C32 /* QiitaAPI.swift in Sources */,
			);
			runOnlyForDeploymentPostprocessing = 0;
		};
/* End PBXSourcesBuildPhase section */

/* Begin PBXVariantGroup section */
		AD2690551FBB2298004FFB5C /* Main.storyboard */ = {
			isa = PBXVariantGroup;
			children = (
				AD2690561FBB2298004FFB5C /* Base */,
			);
			name = Main.storyboard;
			sourceTree = "<group>";
		};
		AD26905A1FBB2298004FFB5C /* LaunchScreen.storyboard */ = {
			isa = PBXVariantGroup;
			children = (
				AD26905B1FBB2298004FFB5C /* Base */,
			);
			name = LaunchScreen.storyboard;
			sourceTree = "<group>";
		};
/* End PBXVariantGroup section */

/* Begin XCBuildConfiguration section */
		AD26905E1FBB2298004FFB5C /* Debug */ = {
			isa = XCBuildConfiguration;
			buildSettings = {
				ALWAYS_SEARCH_USER_PATHS = NO;
				CLANG_ANALYZER_NONNULL = YES;
				CLANG_ANALYZER_NUMBER_OBJECT_CONVERSION = YES_AGGRESSIVE;
				CLANG_CXX_LANGUAGE_STANDARD = "gnu++14";
				CLANG_CXX_LIBRARY = "libc++";
				CLANG_ENABLE_MODULES = YES;
				CLANG_ENABLE_OBJC_ARC = YES;
				CLANG_WARN_BLOCK_CAPTURE_AUTORELEASING = YES;
				CLANG_WARN_BOOL_CONVERSION = YES;
				CLANG_WARN_COMMA = YES;
				CLANG_WARN_CONSTANT_CONVERSION = YES;
				CLANG_WARN_DIRECT_OBJC_ISA_USAGE = YES_ERROR;
				CLANG_WARN_DOCUMENTATION_COMMENTS = YES;
				CLANG_WARN_EMPTY_BODY = YES;
				CLANG_WARN_ENUM_CONVERSION = YES;
				CLANG_WARN_INFINITE_RECURSION = YES;
				CLANG_WARN_INT_CONVERSION = YES;
				CLANG_WARN_NON_LITERAL_NULL_CONVERSION = YES;
				CLANG_WARN_OBJC_LITERAL_CONVERSION = YES;
				CLANG_WARN_OBJC_ROOT_CLASS = YES_ERROR;
				CLANG_WARN_RANGE_LOOP_ANALYSIS = YES;
				CLANG_WARN_STRICT_PROTOTYPES = YES;
				CLANG_WARN_SUSPICIOUS_MOVE = YES;
				CLANG_WARN_UNGUARDED_AVAILABILITY = YES_AGGRESSIVE;
				CLANG_WARN_UNREACHABLE_CODE = YES;
				CLANG_WARN__DUPLICATE_METHOD_MATCH = YES;
				CODE_SIGN_IDENTITY = "iPhone Developer";
				COPY_PHASE_STRIP = NO;
				DEBUG_INFORMATION_FORMAT = dwarf;
				ENABLE_STRICT_OBJC_MSGSEND = YES;
				ENABLE_TESTABILITY = YES;
				GCC_C_LANGUAGE_STANDARD = gnu11;
				GCC_DYNAMIC_NO_PIC = NO;
				GCC_NO_COMMON_BLOCKS = YES;
				GCC_OPTIMIZATION_LEVEL = 0;
				GCC_PREPROCESSOR_DEFINITIONS = (
					"DEBUG=1",
					"$(inherited)",
				);
				GCC_WARN_64_TO_32_BIT_CONVERSION = YES;
				GCC_WARN_ABOUT_RETURN_TYPE = YES_ERROR;
				GCC_WARN_UNDECLARED_SELECTOR = YES;
				GCC_WARN_UNINITIALIZED_AUTOS = YES_AGGRESSIVE;
				GCC_WARN_UNUSED_FUNCTION = YES;
				GCC_WARN_UNUSED_VARIABLE = YES;
				IPHONEOS_DEPLOYMENT_TARGET = 11.1;
				MTL_ENABLE_DEBUG_INFO = YES;
				ONLY_ACTIVE_ARCH = YES;
				SDKROOT = iphoneos;
				SWIFT_ACTIVE_COMPILATION_CONDITIONS = DEBUG;
				SWIFT_OPTIMIZATION_LEVEL = "-Onone";
			};
			name = Debug;
		};
		AD26905F1FBB2298004FFB5C /* Release */ = {
			isa = XCBuildConfiguration;
			buildSettings = {
				ALWAYS_SEARCH_USER_PATHS = NO;
				CLANG_ANALYZER_NONNULL = YES;
				CLANG_ANALYZER_NUMBER_OBJECT_CONVERSION = YES_AGGRESSIVE;
				CLANG_CXX_LANGUAGE_STANDARD = "gnu++14";
				CLANG_CXX_LIBRARY = "libc++";
				CLANG_ENABLE_MODULES = YES;
				CLANG_ENABLE_OBJC_ARC = YES;
				CLANG_WARN_BLOCK_CAPTURE_AUTORELEASING = YES;
				CLANG_WARN_BOOL_CONVERSION = YES;
				CLANG_WARN_COMMA = YES;
				CLANG_WARN_CONSTANT_CONVERSION = YES;
				CLANG_WARN_DIRECT_OBJC_ISA_USAGE = YES_ERROR;
				CLANG_WARN_DOCUMENTATION_COMMENTS = YES;
				CLANG_WARN_EMPTY_BODY = YES;
				CLANG_WARN_ENUM_CONVERSION = YES;
				CLANG_WARN_INFINITE_RECURSION = YES;
				CLANG_WARN_INT_CONVERSION = YES;
				CLANG_WARN_NON_LITERAL_NULL_CONVERSION = YES;
				CLANG_WARN_OBJC_LITERAL_CONVERSION = YES;
				CLANG_WARN_OBJC_ROOT_CLASS = YES_ERROR;
				CLANG_WARN_RANGE_LOOP_ANALYSIS = YES;
				CLANG_WARN_STRICT_PROTOTYPES = YES;
				CLANG_WARN_SUSPICIOUS_MOVE = YES;
				CLANG_WARN_UNGUARDED_AVAILABILITY = YES_AGGRESSIVE;
				CLANG_WARN_UNREACHABLE_CODE = YES;
				CLANG_WARN__DUPLICATE_METHOD_MATCH = YES;
				CODE_SIGN_IDENTITY = "iPhone Developer";
				COPY_PHASE_STRIP = NO;
				DEBUG_INFORMATION_FORMAT = "dwarf-with-dsym";
				ENABLE_NS_ASSERTIONS = NO;
				ENABLE_STRICT_OBJC_MSGSEND = YES;
				GCC_C_LANGUAGE_STANDARD = gnu11;
				GCC_NO_COMMON_BLOCKS = YES;
				GCC_WARN_64_TO_32_BIT_CONVERSION = YES;
				GCC_WARN_ABOUT_RETURN_TYPE = YES_ERROR;
				GCC_WARN_UNDECLARED_SELECTOR = YES;
				GCC_WARN_UNINITIALIZED_AUTOS = YES_AGGRESSIVE;
				GCC_WARN_UNUSED_FUNCTION = YES;
				GCC_WARN_UNUSED_VARIABLE = YES;
				IPHONEOS_DEPLOYMENT_TARGET = 11.1;
				MTL_ENABLE_DEBUG_INFO = NO;
				SDKROOT = iphoneos;
				SWIFT_OPTIMIZATION_LEVEL = "-Owholemodule";
				VALIDATE_PRODUCT = YES;
			};
			name = Release;
		};
		AD2690611FBB2298004FFB5C /* Debug */ = {
			isa = XCBuildConfiguration;
			baseConfigurationReference = 08A86AD2D4E213DB9815FD48 /* Pods-SwiftTypeEraseSample.debug.xcconfig */;
			buildSettings = {
				ASSETCATALOG_COMPILER_APPICON_NAME = AppIcon;
				CODE_SIGN_STYLE = Automatic;
				INFOPLIST_FILE = SwiftTypeEraseSample/Info.plist;
				LD_RUNPATH_SEARCH_PATHS = "$(inherited) @executable_path/Frameworks";
				PRODUCT_BUNDLE_IDENTIFIER = com.hachinobu.SwiftTypeEraseSample;
				PRODUCT_NAME = "$(TARGET_NAME)";
				SWIFT_VERSION = 4.0;
				TARGETED_DEVICE_FAMILY = "1,2";
			};
			name = Debug;
		};
		AD2690621FBB2298004FFB5C /* Release */ = {
			isa = XCBuildConfiguration;
			baseConfigurationReference = EFB35C8047F790C288BE63F2 /* Pods-SwiftTypeEraseSample.release.xcconfig */;
			buildSettings = {
				ASSETCATALOG_COMPILER_APPICON_NAME = AppIcon;
				CODE_SIGN_STYLE = Automatic;
				INFOPLIST_FILE = SwiftTypeEraseSample/Info.plist;
				LD_RUNPATH_SEARCH_PATHS = "$(inherited) @executable_path/Frameworks";
				PRODUCT_BUNDLE_IDENTIFIER = com.hachinobu.SwiftTypeEraseSample;
				PRODUCT_NAME = "$(TARGET_NAME)";
				SWIFT_VERSION = 4.0;
				TARGETED_DEVICE_FAMILY = "1,2";
			};
			name = Release;
		};
/* End XCBuildConfiguration section */

/* Begin XCConfigurationList section */
		AD2690491FBB2298004FFB5C /* Build configuration list for PBXProject "SwiftTypeEraseSample" */ = {
			isa = XCConfigurationList;
			buildConfigurations = (
				AD26905E1FBB2298004FFB5C /* Debug */,
				AD26905F1FBB2298004FFB5C /* Release */,
			);
			defaultConfigurationIsVisible = 0;
			defaultConfigurationName = Release;
		};
		AD2690601FBB2298004FFB5C /* Build configuration list for PBXNativeTarget "SwiftTypeEraseSample" */ = {
			isa = XCConfigurationList;
			buildConfigurations = (
				AD2690611FBB2298004FFB5C /* Debug */,
				AD2690621FBB2298004FFB5C /* Release */,
			);
			defaultConfigurationIsVisible = 0;
			defaultConfigurationName = Release;
		};
/* End XCConfigurationList section */
	};
	rootObject = AD2690461FBB2298004FFB5C /* Project object */;
}
